
Microsoft Visual Studio Solution File, Format Version 12.00
# Visual Studio Version 16
VisualStudioVersion = 16.0.31410.357
MinimumVisualStudioVersion = 10.0.40219.1
Project("{FAE04EC0-301F-11D3-BF4B-00C04F79EFBC}") = "baithi1", "baithi1\baithi1.csproj", "{A160F883-7BB8-4E0D-BF91-E53B6521A291}"
EndProject
Global
	GlobalSection(SolutionConfigurationPlatforms) = preSolution
		Debug|Any CPU = Debug|Any CPU
		Release|Any CPU = Release|Any CPU
	EndGlobalSection
	GlobalSection(ProjectConfigurationPlatforms) = postSolution
		{A160F883-7BB8-4E0D-BF91-E53B6521A291}.Debug|Any CPU.ActiveCfg = Debug|Any CPU
		{A160F883-7BB8-4E0D-BF91-E53B6521A291}.Debug|Any CPU.Build.0 = Debug|Any CPU
		{A160F883-7BB8-4E0D-BF91-E53B6521A291}.Release|Any CPU.ActiveCfg = Release|Any CPU
		{A160F883-7BB8-4E0D-BF91-E53B6521A291}.Release|Any CPU.Build.0 = Release|Any CPU
	EndGlobalSection
	GlobalSection(SolutionProperties) = preSolution
		HideSolutionNode = FALSE
	EndGlobalSection
	GlobalSection(ExtensibilityGlobals) = postSolution
		SolutionGuid = {E5A36433-4092-4FC6-B168-B3A849A575CD}
	EndGlobalSection
EndGlobal
